
Microsoft Visual Studio Solution File, Format Version 12.00
# Visual Studio Version 17
VisualStudioVersion = 17.1.32319.34
MinimumVisualStudioVersion = 10.0.40219.1
Project("{9A19103F-16F7-4668-BE54-9A1E7A4F7556}") = "01. Unique Usernames", "01. Unique Usernames\01. Unique Usernames.csproj", "{8DDE1CB9-17F4-4611-A854-94270A871E44}"
EndProject
Project("{FAE04EC0-301F-11D3-BF4B-00C04F79EFBC}") = "02. Sets of Elements", "02. Sets of Elements\02. Sets of Elements.csproj", "{119294E0-6A68-440F-BD04-730EF59FA097}"
EndProject
Project("{FAE04EC0-301F-11D3-BF4B-00C04F79EFBC}") = "03. Periodic Table", "03. Periodic Table\03. Periodic Table.csproj", "{EAC7DDF7-B64B-48AD-B98B-E7CD37C81CAF}"
EndProject
Project("{FAE04EC0-301F-11D3-BF4B-00C04F79EFBC}") = "04. Even Times", "04. Even Times\04. Even Times.csproj", "{F51FC8F0-CBDA-4DDA-9E02-076DE3FBA845}"
EndProject
Project("{FAE04EC0-301F-11D3-BF4B-00C04F79EFBC}") = "05. Count Symbols", "05. Count Symbols\05. Count Symbols.csproj", "{4CA24E14-C5B6-42AF-81F0-D33085E60E55}"
EndProject
Project("{FAE04EC0-301F-11D3-BF4B-00C04F79EFBC}") = "06. Wardrobe", "06. Wardrobe\06. Wardrobe.csproj", "{60904B80-BDFD-49B1-AF09-80C080DB0260}"
EndProject
Project("{FAE04EC0-301F-11D3-BF4B-00C04F79EFBC}") = "07. The V-Logger", "07. The V-Logger\07. The V-Logger.csproj", "{745FDC83-7375-42C0-81CE-B19A7959F50F}"
EndProject
Global
	GlobalSection(SolutionConfigurationPlatforms) = preSolution
		Debug|Any CPU = Debug|Any CPU
		Release|Any CPU = Release|Any CPU
	EndGlobalSection
	GlobalSection(ProjectConfigurationPlatforms) = postSolution
		{8DDE1CB9-17F4-4611-A854-94270A871E44}.Debug|Any CPU.ActiveCfg = Debug|Any CPU
		{8DDE1CB9-17F4-4611-A854-94270A871E44}.Debug|Any CPU.Build.0 = Debug|Any CPU
		{8DDE1CB9-17F4-4611-A854-94270A871E44}.Release|Any CPU.ActiveCfg = Release|Any CPU
		{8DDE1CB9-17F4-4611-A854-94270A871E44}.Release|Any CPU.Build.0 = Release|Any CPU
		{119294E0-6A68-440F-BD04-730EF59FA097}.Debug|Any CPU.ActiveCfg = Debug|Any CPU
		{119294E0-6A68-440F-BD04-730EF59FA097}.Debug|Any CPU.Build.0 = Debug|Any CPU
		{119294E0-6A68-440F-BD04-730EF59FA097}.Release|Any CPU.ActiveCfg = Release|Any CPU
		{119294E0-6A68-440F-BD04-730EF59FA097}.Release|Any CPU.Build.0 = Release|Any CPU
		{EAC7DDF7-B64B-48AD-B98B-E7CD37C81CAF}.Debug|Any CPU.ActiveCfg = Debug|Any CPU
		{EAC7DDF7-B64B-48AD-B98B-E7CD37C81CAF}.Debug|Any CPU.Build.0 = Debug|Any CPU
		{EAC7DDF7-B64B-48AD-B98B-E7CD37C81CAF}.Release|Any CPU.ActiveCfg = Release|Any CPU
		{EAC7DDF7-B64B-48AD-B98B-E7CD37C81CAF}.Release|Any CPU.Build.0 = Release|Any CPU
		{F51FC8F0-CBDA-4DDA-9E02-076DE3FBA845}.Debug|Any CPU.ActiveCfg = Debug|Any CPU
		{F51FC8F0-CBDA-4DDA-9E02-076DE3FBA845}.Debug|Any CPU.Build.0 = Debug|Any CPU
		{F51FC8F0-CBDA-4DDA-9E02-076DE3FBA845}.Release|Any CPU.ActiveCfg = Release|Any CPU
		{F51FC8F0-CBDA-4DDA-9E02-076DE3FBA845}.Release|Any CPU.Build.0 = Release|Any CPU
		{4CA24E14-C5B6-42AF-81F0-D33085E60E55}.Debug|Any CPU.ActiveCfg = Debug|Any CPU
		{4CA24E14-C5B6-42AF-81F0-D33085E60E55}.Debug|Any CPU.Build.0 = Debug|Any CPU
		{4CA24E14-C5B6-42AF-81F0-D33085E60E55}.Release|Any CPU.ActiveCfg = Release|Any CPU
		{4CA24E14-C5B6-42AF-81F0-D33085E60E55}.Release|Any CPU.Build.0 = Release|Any CPU
		{60904B80-BDFD-49B1-AF09-80C080DB0260}.Debug|Any CPU.ActiveCfg = Debug|Any CPU
		{60904B80-BDFD-49B1-AF09-80C080DB0260}.Debug|Any CPU.Build.0 = Debug|Any CPU
		{60904B80-BDFD-49B1-AF09-80C080DB0260}.Release|Any CPU.ActiveCfg = Release|Any CPU
		{60904B80-BDFD-49B1-AF09-80C080DB0260}.Release|Any CPU.Build.0 = Release|Any CPU
		{745FDC83-7375-42C0-81CE-B19A7959F50F}.Debug|Any CPU.ActiveCfg = Debug|Any CPU
		{745FDC83-7375-42C0-81CE-B19A7959F50F}.Debug|Any CPU.Build.0 = Debug|Any CPU
		{745FDC83-7375-42C0-81CE-B19A7959F50F}.Release|Any CPU.ActiveCfg = Release|Any CPU
		{745FDC83-7375-42C0-81CE-B19A7959F50F}.Release|Any CPU.Build.0 = Release|Any CPU
	EndGlobalSection
	GlobalSection(SolutionProperties) = preSolution
		HideSolutionNode = FALSE
	EndGlobalSection
	GlobalSection(ExtensibilityGlobals) = postSolution
		SolutionGuid = {C4AC0C54-C704-41AA-AE92-73F36A519A2C}
	EndGlobalSection
EndGlobal
