
Microsoft Visual Studio Solution File, Format Version 12.00
# Visual Studio Version 17
VisualStudioVersion = 17.1.32328.378
MinimumVisualStudioVersion = 10.0.40219.1
Project("{9A19103F-16F7-4668-BE54-9A1E7A4F7556}") = "01.Car", "car\01.Car.csproj", "{1C4D2C48-CD2F-4A33-B06D-AB37AD2D9D18}"
EndProject
Project("{9A19103F-16F7-4668-BE54-9A1E7A4F7556}") = "02. Car Extension", "02. Car Extension\02. Car Extension.csproj", "{1ACCC856-CC0A-4A1D-BA29-04A95FB62CFB}"
EndProject
Project("{FAE04EC0-301F-11D3-BF4B-00C04F79EFBC}") = "03. Car Constructors", "03. Car Constructors\03. Car Constructors.csproj", "{31F3414B-6BC7-4905-94B1-0425CAEC8FD2}"
EndProject
Project("{FAE04EC0-301F-11D3-BF4B-00C04F79EFBC}") = "CarManufacturer", "CarManufacturer\CarManufacturer.csproj", "{70E93459-98E0-4592-ACAC-046A3F74D477}"
EndProject
Project("{FAE04EC0-301F-11D3-BF4B-00C04F79EFBC}") = "05. Special Cars", "05. Special Cars\05. Special Cars.csproj", "{9A115046-929C-4D3B-8542-831CC1902ABF}"
EndProject
Global
	GlobalSection(SolutionConfigurationPlatforms) = preSolution
		Debug|Any CPU = Debug|Any CPU
		Release|Any CPU = Release|Any CPU
	EndGlobalSection
	GlobalSection(ProjectConfigurationPlatforms) = postSolution
		{1C4D2C48-CD2F-4A33-B06D-AB37AD2D9D18}.Debug|Any CPU.ActiveCfg = Debug|Any CPU
		{1C4D2C48-CD2F-4A33-B06D-AB37AD2D9D18}.Debug|Any CPU.Build.0 = Debug|Any CPU
		{1C4D2C48-CD2F-4A33-B06D-AB37AD2D9D18}.Release|Any CPU.ActiveCfg = Release|Any CPU
		{1C4D2C48-CD2F-4A33-B06D-AB37AD2D9D18}.Release|Any CPU.Build.0 = Release|Any CPU
		{1ACCC856-CC0A-4A1D-BA29-04A95FB62CFB}.Debug|Any CPU.ActiveCfg = Debug|Any CPU
		{1ACCC856-CC0A-4A1D-BA29-04A95FB62CFB}.Debug|Any CPU.Build.0 = Debug|Any CPU
		{1ACCC856-CC0A-4A1D-BA29-04A95FB62CFB}.Release|Any CPU.ActiveCfg = Release|Any CPU
		{1ACCC856-CC0A-4A1D-BA29-04A95FB62CFB}.Release|Any CPU.Build.0 = Release|Any CPU
		{31F3414B-6BC7-4905-94B1-0425CAEC8FD2}.Debug|Any CPU.ActiveCfg = Debug|Any CPU
		{31F3414B-6BC7-4905-94B1-0425CAEC8FD2}.Debug|Any CPU.Build.0 = Debug|Any CPU
		{31F3414B-6BC7-4905-94B1-0425CAEC8FD2}.Release|Any CPU.ActiveCfg = Release|Any CPU
		{31F3414B-6BC7-4905-94B1-0425CAEC8FD2}.Release|Any CPU.Build.0 = Release|Any CPU
		{70E93459-98E0-4592-ACAC-046A3F74D477}.Debug|Any CPU.ActiveCfg = Debug|Any CPU
		{70E93459-98E0-4592-ACAC-046A3F74D477}.Debug|Any CPU.Build.0 = Debug|Any CPU
		{70E93459-98E0-4592-ACAC-046A3F74D477}.Release|Any CPU.ActiveCfg = Release|Any CPU
		{70E93459-98E0-4592-ACAC-046A3F74D477}.Release|Any CPU.Build.0 = Release|Any CPU
		{9A115046-929C-4D3B-8542-831CC1902ABF}.Debug|Any CPU.ActiveCfg = Debug|Any CPU
		{9A115046-929C-4D3B-8542-831CC1902ABF}.Debug|Any CPU.Build.0 = Debug|Any CPU
		{9A115046-929C-4D3B-8542-831CC1902ABF}.Release|Any CPU.ActiveCfg = Release|Any CPU
		{9A115046-929C-4D3B-8542-831CC1902ABF}.Release|Any CPU.Build.0 = Release|Any CPU
	EndGlobalSection
	GlobalSection(SolutionProperties) = preSolution
		HideSolutionNode = FALSE
	EndGlobalSection
	GlobalSection(ExtensibilityGlobals) = postSolution
		SolutionGuid = {60EE14FB-F3D6-47B6-8FDD-A8F3DEF8BDD4}
	EndGlobalSection
EndGlobal
