
Microsoft Visual Studio Solution File, Format Version 12.00
# Visual Studio Version 17
VisualStudioVersion = 17.2.32516.85
MinimumVisualStudioVersion = 10.0.40219.1
Project("{9A19103F-16F7-4668-BE54-9A1E7A4F7556}") = "Task 01", "Task 01\Task 01.csproj", "{5DAD6072-269B-4E0D-A6FD-064A45EE25A6}"
EndProject
Project("{9A19103F-16F7-4668-BE54-9A1E7A4F7556}") = "Task 02", "Task 02\Task 02.csproj", "{572CF5B3-DB2B-412A-8174-CDD6A8D20B48}"
EndProject
Global
	GlobalSection(SolutionConfigurationPlatforms) = preSolution
		Debug|Any CPU = Debug|Any CPU
		Release|Any CPU = Release|Any CPU
	EndGlobalSection
	GlobalSection(ProjectConfigurationPlatforms) = postSolution
		{5DAD6072-269B-4E0D-A6FD-064A45EE25A6}.Debug|Any CPU.ActiveCfg = Debug|Any CPU
		{5DAD6072-269B-4E0D-A6FD-064A45EE25A6}.Debug|Any CPU.Build.0 = Debug|Any CPU
		{5DAD6072-269B-4E0D-A6FD-064A45EE25A6}.Release|Any CPU.ActiveCfg = Release|Any CPU
		{5DAD6072-269B-4E0D-A6FD-064A45EE25A6}.Release|Any CPU.Build.0 = Release|Any CPU
		{572CF5B3-DB2B-412A-8174-CDD6A8D20B48}.Debug|Any CPU.ActiveCfg = Debug|Any CPU
		{572CF5B3-DB2B-412A-8174-CDD6A8D20B48}.Debug|Any CPU.Build.0 = Debug|Any CPU
		{572CF5B3-DB2B-412A-8174-CDD6A8D20B48}.Release|Any CPU.ActiveCfg = Release|Any CPU
		{572CF5B3-DB2B-412A-8174-CDD6A8D20B48}.Release|Any CPU.Build.0 = Release|Any CPU
	EndGlobalSection
	GlobalSection(SolutionProperties) = preSolution
		HideSolutionNode = FALSE
	EndGlobalSection
	GlobalSection(ExtensibilityGlobals) = postSolution
		SolutionGuid = {1837D35E-EE3F-44B3-A86D-C7FB51563278}
	EndGlobalSection
EndGlobal
