
Microsoft Visual Studio Solution File, Format Version 12.00
# Visual Studio Version 17
VisualStudioVersion = 17.2.32516.85
MinimumVisualStudioVersion = 10.0.40219.1
Project("{FAE04EC0-301F-11D3-BF4B-00C04F79EFBC}") = "01. Recursive Array Sum", "01. Recursive Array Sum\01. Recursive Array Sum.csproj", "{E875EAF2-18B2-40AF-A67D-8219C95B7143}"
EndProject
Project("{FAE04EC0-301F-11D3-BF4B-00C04F79EFBC}") = "02. Recursive Factorial", "02. Recursive Factorial\02. Recursive Factorial.csproj", "{3BB96E59-546E-44E0-BB21-27370F4CF25B}"
EndProject
Project("{FAE04EC0-301F-11D3-BF4B-00C04F79EFBC}") = "03. Sum of Coins", "03. Sum of Coins\03. Sum of Coins.csproj", "{B2762257-665B-4985-95E0-66F415CAC83F}"
EndProject
Global
	GlobalSection(SolutionConfigurationPlatforms) = preSolution
		Debug|Any CPU = Debug|Any CPU
		Release|Any CPU = Release|Any CPU
	EndGlobalSection
	GlobalSection(ProjectConfigurationPlatforms) = postSolution
		{E875EAF2-18B2-40AF-A67D-8219C95B7143}.Debug|Any CPU.ActiveCfg = Debug|Any CPU
		{E875EAF2-18B2-40AF-A67D-8219C95B7143}.Debug|Any CPU.Build.0 = Debug|Any CPU
		{E875EAF2-18B2-40AF-A67D-8219C95B7143}.Release|Any CPU.ActiveCfg = Release|Any CPU
		{E875EAF2-18B2-40AF-A67D-8219C95B7143}.Release|Any CPU.Build.0 = Release|Any CPU
		{3BB96E59-546E-44E0-BB21-27370F4CF25B}.Debug|Any CPU.ActiveCfg = Debug|Any CPU
		{3BB96E59-546E-44E0-BB21-27370F4CF25B}.Debug|Any CPU.Build.0 = Debug|Any CPU
		{3BB96E59-546E-44E0-BB21-27370F4CF25B}.Release|Any CPU.ActiveCfg = Release|Any CPU
		{3BB96E59-546E-44E0-BB21-27370F4CF25B}.Release|Any CPU.Build.0 = Release|Any CPU
		{B2762257-665B-4985-95E0-66F415CAC83F}.Debug|Any CPU.ActiveCfg = Debug|Any CPU
		{B2762257-665B-4985-95E0-66F415CAC83F}.Debug|Any CPU.Build.0 = Debug|Any CPU
		{B2762257-665B-4985-95E0-66F415CAC83F}.Release|Any CPU.ActiveCfg = Release|Any CPU
		{B2762257-665B-4985-95E0-66F415CAC83F}.Release|Any CPU.Build.0 = Release|Any CPU
	EndGlobalSection
	GlobalSection(SolutionProperties) = preSolution
		HideSolutionNode = FALSE
	EndGlobalSection
	GlobalSection(ExtensibilityGlobals) = postSolution
		SolutionGuid = {6CD4914B-DD28-4CB0-AA8D-5B48F3DC2C05}
	EndGlobalSection
EndGlobal
