
Microsoft Visual Studio Solution File, Format Version 12.00
# Visual Studio Version 17
VisualStudioVersion = 17.1.32414.318
MinimumVisualStudioVersion = 10.0.40219.1
Project("{FAE04EC0-301F-11D3-BF4B-00C04F79EFBC}") = "01. Birthday Celebration", "01. Birthday Celebration\01. Birthday Celebration.csproj", "{A5E64BBC-ACF0-447A-AADB-ED5D6896B66D}"
EndProject
Project("{FAE04EC0-301F-11D3-BF4B-00C04F79EFBC}") = "02. The Battle of The Five Armies", "02. The Battle of The Five Armies\02. The Battle of The Five Armies.csproj", "{25C80F17-2D7D-4B47-AB6F-0BC4787CF358}"
EndProject
Global
	GlobalSection(SolutionConfigurationPlatforms) = preSolution
		Debug|Any CPU = Debug|Any CPU
		Release|Any CPU = Release|Any CPU
	EndGlobalSection
	GlobalSection(ProjectConfigurationPlatforms) = postSolution
		{A5E64BBC-ACF0-447A-AADB-ED5D6896B66D}.Debug|Any CPU.ActiveCfg = Debug|Any CPU
		{A5E64BBC-ACF0-447A-AADB-ED5D6896B66D}.Debug|Any CPU.Build.0 = Debug|Any CPU
		{A5E64BBC-ACF0-447A-AADB-ED5D6896B66D}.Release|Any CPU.ActiveCfg = Release|Any CPU
		{A5E64BBC-ACF0-447A-AADB-ED5D6896B66D}.Release|Any CPU.Build.0 = Release|Any CPU
		{25C80F17-2D7D-4B47-AB6F-0BC4787CF358}.Debug|Any CPU.ActiveCfg = Debug|Any CPU
		{25C80F17-2D7D-4B47-AB6F-0BC4787CF358}.Debug|Any CPU.Build.0 = Debug|Any CPU
		{25C80F17-2D7D-4B47-AB6F-0BC4787CF358}.Release|Any CPU.ActiveCfg = Release|Any CPU
		{25C80F17-2D7D-4B47-AB6F-0BC4787CF358}.Release|Any CPU.Build.0 = Release|Any CPU
	EndGlobalSection
	GlobalSection(SolutionProperties) = preSolution
		HideSolutionNode = FALSE
	EndGlobalSection
	GlobalSection(ExtensibilityGlobals) = postSolution
		SolutionGuid = {C698655E-8AAF-402A-90EF-C0369B6C4143}
	EndGlobalSection
EndGlobal
