
Microsoft Visual Studio Solution File, Format Version 12.00
# Visual Studio Version 17
VisualStudioVersion = 17.2.32516.85
MinimumVisualStudioVersion = 10.0.40219.1
Project("{9A19103F-16F7-4668-BE54-9A1E7A4F7556}") = "Renovators", "Renovators.csproj", "{68AC5B55-9066-4D7F-94A8-ABE82E487393}"
EndProject
Global
	GlobalSection(SolutionConfigurationPlatforms) = preSolution
		Debug|Any CPU = Debug|Any CPU
		Release|Any CPU = Release|Any CPU
	EndGlobalSection
	GlobalSection(ProjectConfigurationPlatforms) = postSolution
		{68AC5B55-9066-4D7F-94A8-ABE82E487393}.Debug|Any CPU.ActiveCfg = Debug|Any CPU
		{68AC5B55-9066-4D7F-94A8-ABE82E487393}.Debug|Any CPU.Build.0 = Debug|Any CPU
		{68AC5B55-9066-4D7F-94A8-ABE82E487393}.Release|Any CPU.ActiveCfg = Release|Any CPU
		{68AC5B55-9066-4D7F-94A8-ABE82E487393}.Release|Any CPU.Build.0 = Release|Any CPU
	EndGlobalSection
	GlobalSection(SolutionProperties) = preSolution
		HideSolutionNode = FALSE
	EndGlobalSection
	GlobalSection(ExtensibilityGlobals) = postSolution
		SolutionGuid = {40534E5D-6D1C-489B-87FD-97303D9CDE1B}
	EndGlobalSection
EndGlobal
