
Microsoft Visual Studio Solution File, Format Version 12.00
# Visual Studio Version 17
VisualStudioVersion = 17.1.32319.34
MinimumVisualStudioVersion = 10.0.40219.1
Project("{FAE04EC0-301F-11D3-BF4B-00C04F79EFBC}") = "1. Diagonal Difference", "1. Diagonal Difference\1. Diagonal Difference.csproj", "{73006795-B0AE-43C2-8D74-B38C08BBAD3B}"
EndProject
Project("{FAE04EC0-301F-11D3-BF4B-00C04F79EFBC}") = "2. Squares in Matrix", "2. Squares in Matrix\2. Squares in Matrix.csproj", "{A5A0A4D5-8130-44B9-BCCA-9461C0836396}"
EndProject
Project("{FAE04EC0-301F-11D3-BF4B-00C04F79EFBC}") = "3. Maximal Sum", "3. Maximal Sum\3. Maximal Sum.csproj", "{D60A2FAF-7CBC-4645-8EC9-9E1FD78B3830}"
EndProject
Global
	GlobalSection(SolutionConfigurationPlatforms) = preSolution
		Debug|Any CPU = Debug|Any CPU
		Release|Any CPU = Release|Any CPU
	EndGlobalSection
	GlobalSection(ProjectConfigurationPlatforms) = postSolution
		{73006795-B0AE-43C2-8D74-B38C08BBAD3B}.Debug|Any CPU.ActiveCfg = Debug|Any CPU
		{73006795-B0AE-43C2-8D74-B38C08BBAD3B}.Debug|Any CPU.Build.0 = Debug|Any CPU
		{73006795-B0AE-43C2-8D74-B38C08BBAD3B}.Release|Any CPU.ActiveCfg = Release|Any CPU
		{73006795-B0AE-43C2-8D74-B38C08BBAD3B}.Release|Any CPU.Build.0 = Release|Any CPU
		{A5A0A4D5-8130-44B9-BCCA-9461C0836396}.Debug|Any CPU.ActiveCfg = Debug|Any CPU
		{A5A0A4D5-8130-44B9-BCCA-9461C0836396}.Debug|Any CPU.Build.0 = Debug|Any CPU
		{A5A0A4D5-8130-44B9-BCCA-9461C0836396}.Release|Any CPU.ActiveCfg = Release|Any CPU
		{A5A0A4D5-8130-44B9-BCCA-9461C0836396}.Release|Any CPU.Build.0 = Release|Any CPU
		{D60A2FAF-7CBC-4645-8EC9-9E1FD78B3830}.Debug|Any CPU.ActiveCfg = Debug|Any CPU
		{D60A2FAF-7CBC-4645-8EC9-9E1FD78B3830}.Debug|Any CPU.Build.0 = Debug|Any CPU
		{D60A2FAF-7CBC-4645-8EC9-9E1FD78B3830}.Release|Any CPU.ActiveCfg = Release|Any CPU
		{D60A2FAF-7CBC-4645-8EC9-9E1FD78B3830}.Release|Any CPU.Build.0 = Release|Any CPU
	EndGlobalSection
	GlobalSection(SolutionProperties) = preSolution
		HideSolutionNode = FALSE
	EndGlobalSection
	GlobalSection(ExtensibilityGlobals) = postSolution
		SolutionGuid = {B624A491-EA73-4A60-B975-FAE184563C26}
	EndGlobalSection
EndGlobal
