
Microsoft Visual Studio Solution File, Format Version 12.00
# Visual Studio Version 17
VisualStudioVersion = 17.1.32319.34
MinimumVisualStudioVersion = 10.0.40219.1
Project("{FAE04EC0-301F-11D3-BF4B-00C04F79EFBC}") = "1. Diagonal Difference", "1. Diagonal Difference\1. Diagonal Difference.csproj", "{73006795-B0AE-43C2-8D74-B38C08BBAD3B}"
EndProject
Project("{FAE04EC0-301F-11D3-BF4B-00C04F79EFBC}") = "2. Squares in Matrix", "2. Squares in Matrix\2. Squares in Matrix.csproj", "{A5A0A4D5-8130-44B9-BCCA-9461C0836396}"
EndProject
Project("{FAE04EC0-301F-11D3-BF4B-00C04F79EFBC}") = "3. Maximal Sum", "3. Maximal Sum\3. Maximal Sum.csproj", "{D60A2FAF-7CBC-4645-8EC9-9E1FD78B3830}"
EndProject
Project("{FAE04EC0-301F-11D3-BF4B-00C04F79EFBC}") = "4. Matrix Shuffling", "4. Matrix Shuffling\4. Matrix Shuffling.csproj", "{97B124D5-DE73-48EA-B3F6-84E8911556BE}"
EndProject
Project("{FAE04EC0-301F-11D3-BF4B-00C04F79EFBC}") = "5. Snake Moves", "5. Snake Moves\5. Snake Moves.csproj", "{99BF2673-8EDA-4707-B780-BC68C2A06732}"
EndProject
Project("{FAE04EC0-301F-11D3-BF4B-00C04F79EFBC}") = "6. Jagged Array Manipulator", "6. Jagged Array Manipulator\6. Jagged Array Manipulator.csproj", "{5B9F4AE6-F984-4267-94CD-798CB44EA0BF}"
EndProject
Project("{FAE04EC0-301F-11D3-BF4B-00C04F79EFBC}") = "7. Knight Game", "7. Knight Game\7. Knight Game.csproj", "{BA7F039E-4C5A-4BA2-8690-2670E67D0FC4}"
EndProject
Project("{FAE04EC0-301F-11D3-BF4B-00C04F79EFBC}") = "8. Bombs", "8. Bombs\8. Bombs.csproj", "{E42BCA53-A769-4E1C-B264-932FC865387E}"
EndProject
Project("{FAE04EC0-301F-11D3-BF4B-00C04F79EFBC}") = "9. Miner", "9. Miner\9. Miner.csproj", "{03B1117E-EBFC-4212-B3D1-657263BE7D5D}"
EndProject
Global
	GlobalSection(SolutionConfigurationPlatforms) = preSolution
		Debug|Any CPU = Debug|Any CPU
		Release|Any CPU = Release|Any CPU
	EndGlobalSection
	GlobalSection(ProjectConfigurationPlatforms) = postSolution
		{73006795-B0AE-43C2-8D74-B38C08BBAD3B}.Debug|Any CPU.ActiveCfg = Debug|Any CPU
		{73006795-B0AE-43C2-8D74-B38C08BBAD3B}.Debug|Any CPU.Build.0 = Debug|Any CPU
		{73006795-B0AE-43C2-8D74-B38C08BBAD3B}.Release|Any CPU.ActiveCfg = Release|Any CPU
		{73006795-B0AE-43C2-8D74-B38C08BBAD3B}.Release|Any CPU.Build.0 = Release|Any CPU
		{A5A0A4D5-8130-44B9-BCCA-9461C0836396}.Debug|Any CPU.ActiveCfg = Debug|Any CPU
		{A5A0A4D5-8130-44B9-BCCA-9461C0836396}.Debug|Any CPU.Build.0 = Debug|Any CPU
		{A5A0A4D5-8130-44B9-BCCA-9461C0836396}.Release|Any CPU.ActiveCfg = Release|Any CPU
		{A5A0A4D5-8130-44B9-BCCA-9461C0836396}.Release|Any CPU.Build.0 = Release|Any CPU
		{D60A2FAF-7CBC-4645-8EC9-9E1FD78B3830}.Debug|Any CPU.ActiveCfg = Debug|Any CPU
		{D60A2FAF-7CBC-4645-8EC9-9E1FD78B3830}.Debug|Any CPU.Build.0 = Debug|Any CPU
		{D60A2FAF-7CBC-4645-8EC9-9E1FD78B3830}.Release|Any CPU.ActiveCfg = Release|Any CPU
		{D60A2FAF-7CBC-4645-8EC9-9E1FD78B3830}.Release|Any CPU.Build.0 = Release|Any CPU
		{97B124D5-DE73-48EA-B3F6-84E8911556BE}.Debug|Any CPU.ActiveCfg = Debug|Any CPU
		{97B124D5-DE73-48EA-B3F6-84E8911556BE}.Debug|Any CPU.Build.0 = Debug|Any CPU
		{97B124D5-DE73-48EA-B3F6-84E8911556BE}.Release|Any CPU.ActiveCfg = Release|Any CPU
		{97B124D5-DE73-48EA-B3F6-84E8911556BE}.Release|Any CPU.Build.0 = Release|Any CPU
		{99BF2673-8EDA-4707-B780-BC68C2A06732}.Debug|Any CPU.ActiveCfg = Debug|Any CPU
		{99BF2673-8EDA-4707-B780-BC68C2A06732}.Debug|Any CPU.Build.0 = Debug|Any CPU
		{99BF2673-8EDA-4707-B780-BC68C2A06732}.Release|Any CPU.ActiveCfg = Release|Any CPU
		{99BF2673-8EDA-4707-B780-BC68C2A06732}.Release|Any CPU.Build.0 = Release|Any CPU
		{5B9F4AE6-F984-4267-94CD-798CB44EA0BF}.Debug|Any CPU.ActiveCfg = Debug|Any CPU
		{5B9F4AE6-F984-4267-94CD-798CB44EA0BF}.Debug|Any CPU.Build.0 = Debug|Any CPU
		{5B9F4AE6-F984-4267-94CD-798CB44EA0BF}.Release|Any CPU.ActiveCfg = Release|Any CPU
		{5B9F4AE6-F984-4267-94CD-798CB44EA0BF}.Release|Any CPU.Build.0 = Release|Any CPU
		{BA7F039E-4C5A-4BA2-8690-2670E67D0FC4}.Debug|Any CPU.ActiveCfg = Debug|Any CPU
		{BA7F039E-4C5A-4BA2-8690-2670E67D0FC4}.Debug|Any CPU.Build.0 = Debug|Any CPU
		{BA7F039E-4C5A-4BA2-8690-2670E67D0FC4}.Release|Any CPU.ActiveCfg = Release|Any CPU
		{BA7F039E-4C5A-4BA2-8690-2670E67D0FC4}.Release|Any CPU.Build.0 = Release|Any CPU
		{E42BCA53-A769-4E1C-B264-932FC865387E}.Debug|Any CPU.ActiveCfg = Debug|Any CPU
		{E42BCA53-A769-4E1C-B264-932FC865387E}.Debug|Any CPU.Build.0 = Debug|Any CPU
		{E42BCA53-A769-4E1C-B264-932FC865387E}.Release|Any CPU.ActiveCfg = Release|Any CPU
		{E42BCA53-A769-4E1C-B264-932FC865387E}.Release|Any CPU.Build.0 = Release|Any CPU
		{03B1117E-EBFC-4212-B3D1-657263BE7D5D}.Debug|Any CPU.ActiveCfg = Debug|Any CPU
		{03B1117E-EBFC-4212-B3D1-657263BE7D5D}.Debug|Any CPU.Build.0 = Debug|Any CPU
		{03B1117E-EBFC-4212-B3D1-657263BE7D5D}.Release|Any CPU.ActiveCfg = Release|Any CPU
		{03B1117E-EBFC-4212-B3D1-657263BE7D5D}.Release|Any CPU.Build.0 = Release|Any CPU
	EndGlobalSection
	GlobalSection(SolutionProperties) = preSolution
		HideSolutionNode = FALSE
	EndGlobalSection
	GlobalSection(ExtensibilityGlobals) = postSolution
		SolutionGuid = {B624A491-EA73-4A60-B975-FAE184563C26}
	EndGlobalSection
EndGlobal
