
Microsoft Visual Studio Solution File, Format Version 12.00
# Visual Studio Version 17
VisualStudioVersion = 17.1.32328.378
MinimumVisualStudioVersion = 10.0.40219.1
Project("{9A19103F-16F7-4668-BE54-9A1E7A4F7556}") = "Generics", "01. Generic Box of String\Generics.csproj", "{DA7DFEFB-5A1F-4147-A922-510CE73D9494}"
EndProject
Project("{9A19103F-16F7-4668-BE54-9A1E7A4F7556}") = "Generic Swap Method String", "Generic Box of Integer\Generic Swap Method String.csproj", "{367C2A9D-DA6C-4DF5-83AA-D93B876C280D}"
EndProject
Project("{9A19103F-16F7-4668-BE54-9A1E7A4F7556}") = "Tuple", "Tuple\Tuple.csproj", "{C5459922-227E-4385-B8AE-1AE255FA17F5}"
EndProject
Project("{FAE04EC0-301F-11D3-BF4B-00C04F79EFBC}") = "05. Generic Count Method String", "05. Generic Count Method String\05. Generic Count Method String.csproj", "{02FDB02B-BFE9-4280-B68E-CB7A6ABE70A5}"
EndProject
Project("{FAE04EC0-301F-11D3-BF4B-00C04F79EFBC}") = "07. Tuple", "07. Tuple\07. Tuple.csproj", "{818206EE-F093-4A31-B58E-5BE5D51C65D7}"
EndProject
Project("{FAE04EC0-301F-11D3-BF4B-00C04F79EFBC}") = "08. Threeuple", "08. Threeuple\08. Threeuple.csproj", "{11E3658E-97ED-4D50-A921-592FEC25BB71}"
EndProject
Global
	GlobalSection(SolutionConfigurationPlatforms) = preSolution
		Debug|Any CPU = Debug|Any CPU
		Release|Any CPU = Release|Any CPU
	EndGlobalSection
	GlobalSection(ProjectConfigurationPlatforms) = postSolution
		{DA7DFEFB-5A1F-4147-A922-510CE73D9494}.Debug|Any CPU.ActiveCfg = Debug|Any CPU
		{DA7DFEFB-5A1F-4147-A922-510CE73D9494}.Debug|Any CPU.Build.0 = Debug|Any CPU
		{DA7DFEFB-5A1F-4147-A922-510CE73D9494}.Release|Any CPU.ActiveCfg = Release|Any CPU
		{DA7DFEFB-5A1F-4147-A922-510CE73D9494}.Release|Any CPU.Build.0 = Release|Any CPU
		{367C2A9D-DA6C-4DF5-83AA-D93B876C280D}.Debug|Any CPU.ActiveCfg = Debug|Any CPU
		{367C2A9D-DA6C-4DF5-83AA-D93B876C280D}.Debug|Any CPU.Build.0 = Debug|Any CPU
		{367C2A9D-DA6C-4DF5-83AA-D93B876C280D}.Release|Any CPU.ActiveCfg = Release|Any CPU
		{367C2A9D-DA6C-4DF5-83AA-D93B876C280D}.Release|Any CPU.Build.0 = Release|Any CPU
		{C5459922-227E-4385-B8AE-1AE255FA17F5}.Debug|Any CPU.ActiveCfg = Debug|Any CPU
		{C5459922-227E-4385-B8AE-1AE255FA17F5}.Debug|Any CPU.Build.0 = Debug|Any CPU
		{C5459922-227E-4385-B8AE-1AE255FA17F5}.Release|Any CPU.ActiveCfg = Release|Any CPU
		{C5459922-227E-4385-B8AE-1AE255FA17F5}.Release|Any CPU.Build.0 = Release|Any CPU
		{02FDB02B-BFE9-4280-B68E-CB7A6ABE70A5}.Debug|Any CPU.ActiveCfg = Debug|Any CPU
		{02FDB02B-BFE9-4280-B68E-CB7A6ABE70A5}.Debug|Any CPU.Build.0 = Debug|Any CPU
		{02FDB02B-BFE9-4280-B68E-CB7A6ABE70A5}.Release|Any CPU.ActiveCfg = Release|Any CPU
		{02FDB02B-BFE9-4280-B68E-CB7A6ABE70A5}.Release|Any CPU.Build.0 = Release|Any CPU
		{818206EE-F093-4A31-B58E-5BE5D51C65D7}.Debug|Any CPU.ActiveCfg = Debug|Any CPU
		{818206EE-F093-4A31-B58E-5BE5D51C65D7}.Debug|Any CPU.Build.0 = Debug|Any CPU
		{818206EE-F093-4A31-B58E-5BE5D51C65D7}.Release|Any CPU.ActiveCfg = Release|Any CPU
		{818206EE-F093-4A31-B58E-5BE5D51C65D7}.Release|Any CPU.Build.0 = Release|Any CPU
		{11E3658E-97ED-4D50-A921-592FEC25BB71}.Debug|Any CPU.ActiveCfg = Debug|Any CPU
		{11E3658E-97ED-4D50-A921-592FEC25BB71}.Debug|Any CPU.Build.0 = Debug|Any CPU
		{11E3658E-97ED-4D50-A921-592FEC25BB71}.Release|Any CPU.ActiveCfg = Release|Any CPU
		{11E3658E-97ED-4D50-A921-592FEC25BB71}.Release|Any CPU.Build.0 = Release|Any CPU
	EndGlobalSection
	GlobalSection(SolutionProperties) = preSolution
		HideSolutionNode = FALSE
	EndGlobalSection
	GlobalSection(ExtensibilityGlobals) = postSolution
		SolutionGuid = {F85B31AC-C5E6-4C03-B0EC-825DC99037DF}
	EndGlobalSection
EndGlobal
