
Microsoft Visual Studio Solution File, Format Version 12.00
# Visual Studio Version 17
VisualStudioVersion = 17.1.32319.34
MinimumVisualStudioVersion = 10.0.40219.1
Project("{FAE04EC0-301F-11D3-BF4B-00C04F79EFBC}") = "1. Sum Matrix Elements", "1. Sum Matrix Elements\1. Sum Matrix Elements.csproj", "{49AC4F89-4F2A-49A1-9CFF-A645B6B0FB6D}"
EndProject
Project("{FAE04EC0-301F-11D3-BF4B-00C04F79EFBC}") = "2. Sum Matrix Columns", "2. Sum Matrix Columns\2. Sum Matrix Columns.csproj", "{27598615-64DD-44BE-9B11-48EA8D0F9D0B}"
EndProject
Project("{FAE04EC0-301F-11D3-BF4B-00C04F79EFBC}") = "3. Primary Diagonal", "3. Primary Diagonal\3. Primary Diagonal.csproj", "{7FD1AA5E-3186-4249-9B5C-3EC717DD083A}"
EndProject
Project("{FAE04EC0-301F-11D3-BF4B-00C04F79EFBC}") = "4. Symbol in Matrix", "4. Symbol in Matrix\4. Symbol in Matrix.csproj", "{12EED7EF-18F9-45EA-9E24-7BEA1D06D688}"
EndProject
Global
	GlobalSection(SolutionConfigurationPlatforms) = preSolution
		Debug|Any CPU = Debug|Any CPU
		Release|Any CPU = Release|Any CPU
	EndGlobalSection
	GlobalSection(ProjectConfigurationPlatforms) = postSolution
		{49AC4F89-4F2A-49A1-9CFF-A645B6B0FB6D}.Debug|Any CPU.ActiveCfg = Debug|Any CPU
		{49AC4F89-4F2A-49A1-9CFF-A645B6B0FB6D}.Debug|Any CPU.Build.0 = Debug|Any CPU
		{49AC4F89-4F2A-49A1-9CFF-A645B6B0FB6D}.Release|Any CPU.ActiveCfg = Release|Any CPU
		{49AC4F89-4F2A-49A1-9CFF-A645B6B0FB6D}.Release|Any CPU.Build.0 = Release|Any CPU
		{27598615-64DD-44BE-9B11-48EA8D0F9D0B}.Debug|Any CPU.ActiveCfg = Debug|Any CPU
		{27598615-64DD-44BE-9B11-48EA8D0F9D0B}.Debug|Any CPU.Build.0 = Debug|Any CPU
		{27598615-64DD-44BE-9B11-48EA8D0F9D0B}.Release|Any CPU.ActiveCfg = Release|Any CPU
		{27598615-64DD-44BE-9B11-48EA8D0F9D0B}.Release|Any CPU.Build.0 = Release|Any CPU
		{7FD1AA5E-3186-4249-9B5C-3EC717DD083A}.Debug|Any CPU.ActiveCfg = Debug|Any CPU
		{7FD1AA5E-3186-4249-9B5C-3EC717DD083A}.Debug|Any CPU.Build.0 = Debug|Any CPU
		{7FD1AA5E-3186-4249-9B5C-3EC717DD083A}.Release|Any CPU.ActiveCfg = Release|Any CPU
		{7FD1AA5E-3186-4249-9B5C-3EC717DD083A}.Release|Any CPU.Build.0 = Release|Any CPU
		{12EED7EF-18F9-45EA-9E24-7BEA1D06D688}.Debug|Any CPU.ActiveCfg = Debug|Any CPU
		{12EED7EF-18F9-45EA-9E24-7BEA1D06D688}.Debug|Any CPU.Build.0 = Debug|Any CPU
		{12EED7EF-18F9-45EA-9E24-7BEA1D06D688}.Release|Any CPU.ActiveCfg = Release|Any CPU
		{12EED7EF-18F9-45EA-9E24-7BEA1D06D688}.Release|Any CPU.Build.0 = Release|Any CPU
	EndGlobalSection
	GlobalSection(SolutionProperties) = preSolution
		HideSolutionNode = FALSE
	EndGlobalSection
	GlobalSection(ExtensibilityGlobals) = postSolution
		SolutionGuid = {94715460-28C9-4F2F-8935-ACCDB81593C5}
	EndGlobalSection
EndGlobal
