
Microsoft Visual Studio Solution File, Format Version 12.00
# Visual Studio Version 17
VisualStudioVersion = 17.2.32516.85
MinimumVisualStudioVersion = 10.0.40219.1
Project("{FAE04EC0-301F-11D3-BF4B-00C04F79EFBC}") = "01. Action Print", "01. Action Print\01. Action Print.csproj", "{8418CDBC-5AAB-440F-9FC5-7E425B9D86EF}"
EndProject
Project("{FAE04EC0-301F-11D3-BF4B-00C04F79EFBC}") = "02. Knights of Honor", "02. Knights of Honor\02. Knights of Honor.csproj", "{989D2A37-6FA5-44FB-8CF7-9BEB56D27702}"
EndProject
Project("{FAE04EC0-301F-11D3-BF4B-00C04F79EFBC}") = "03. Custom Min Function", "03. Custom Min Function\03. Custom Min Function.csproj", "{27A269CF-838C-44AD-9088-358D437D0B55}"
EndProject
Project("{FAE04EC0-301F-11D3-BF4B-00C04F79EFBC}") = "04. Find Evens or Odds", "04. Find Evens or Odds\04. Find Evens or Odds.csproj", "{2826EADB-2BA6-485C-920E-BC6DE71B138F}"
EndProject
Project("{FAE04EC0-301F-11D3-BF4B-00C04F79EFBC}") = "05. Applied Arithmetics", "05. Applied Arithmetics\05. Applied Arithmetics.csproj", "{791DC6B5-02B8-45E2-A342-BC8DC3F2A4D9}"
EndProject
Global
	GlobalSection(SolutionConfigurationPlatforms) = preSolution
		Debug|Any CPU = Debug|Any CPU
		Release|Any CPU = Release|Any CPU
	EndGlobalSection
	GlobalSection(ProjectConfigurationPlatforms) = postSolution
		{8418CDBC-5AAB-440F-9FC5-7E425B9D86EF}.Debug|Any CPU.ActiveCfg = Debug|Any CPU
		{8418CDBC-5AAB-440F-9FC5-7E425B9D86EF}.Debug|Any CPU.Build.0 = Debug|Any CPU
		{8418CDBC-5AAB-440F-9FC5-7E425B9D86EF}.Release|Any CPU.ActiveCfg = Release|Any CPU
		{8418CDBC-5AAB-440F-9FC5-7E425B9D86EF}.Release|Any CPU.Build.0 = Release|Any CPU
		{989D2A37-6FA5-44FB-8CF7-9BEB56D27702}.Debug|Any CPU.ActiveCfg = Debug|Any CPU
		{989D2A37-6FA5-44FB-8CF7-9BEB56D27702}.Debug|Any CPU.Build.0 = Debug|Any CPU
		{989D2A37-6FA5-44FB-8CF7-9BEB56D27702}.Release|Any CPU.ActiveCfg = Release|Any CPU
		{989D2A37-6FA5-44FB-8CF7-9BEB56D27702}.Release|Any CPU.Build.0 = Release|Any CPU
		{27A269CF-838C-44AD-9088-358D437D0B55}.Debug|Any CPU.ActiveCfg = Debug|Any CPU
		{27A269CF-838C-44AD-9088-358D437D0B55}.Debug|Any CPU.Build.0 = Debug|Any CPU
		{27A269CF-838C-44AD-9088-358D437D0B55}.Release|Any CPU.ActiveCfg = Release|Any CPU
		{27A269CF-838C-44AD-9088-358D437D0B55}.Release|Any CPU.Build.0 = Release|Any CPU
		{2826EADB-2BA6-485C-920E-BC6DE71B138F}.Debug|Any CPU.ActiveCfg = Debug|Any CPU
		{2826EADB-2BA6-485C-920E-BC6DE71B138F}.Debug|Any CPU.Build.0 = Debug|Any CPU
		{2826EADB-2BA6-485C-920E-BC6DE71B138F}.Release|Any CPU.ActiveCfg = Release|Any CPU
		{2826EADB-2BA6-485C-920E-BC6DE71B138F}.Release|Any CPU.Build.0 = Release|Any CPU
		{791DC6B5-02B8-45E2-A342-BC8DC3F2A4D9}.Debug|Any CPU.ActiveCfg = Debug|Any CPU
		{791DC6B5-02B8-45E2-A342-BC8DC3F2A4D9}.Debug|Any CPU.Build.0 = Debug|Any CPU
		{791DC6B5-02B8-45E2-A342-BC8DC3F2A4D9}.Release|Any CPU.ActiveCfg = Release|Any CPU
		{791DC6B5-02B8-45E2-A342-BC8DC3F2A4D9}.Release|Any CPU.Build.0 = Release|Any CPU
	EndGlobalSection
	GlobalSection(SolutionProperties) = preSolution
		HideSolutionNode = FALSE
	EndGlobalSection
	GlobalSection(ExtensibilityGlobals) = postSolution
		SolutionGuid = {9E168D99-18F4-4D44-9346-88E35366D1B3}
	EndGlobalSection
EndGlobal
