
Microsoft Visual Studio Solution File, Format Version 12.00
# Visual Studio Version 17
VisualStudioVersion = 17.1.32328.378
MinimumVisualStudioVersion = 10.0.40219.1
Project("{FAE04EC0-301F-11D3-BF4B-00C04F79EFBC}") = "01. Odd Lines", "01. Odd Lines\01. Odd Lines.csproj", "{788E7CB3-67A0-4459-A893-BEB231D5FA76}"
EndProject
Project("{FAE04EC0-301F-11D3-BF4B-00C04F79EFBC}") = "02. Line Numbers", "02. Line Numbers\02. Line Numbers.csproj", "{E0C6DE43-5181-45FF-BB00-D9F2BE2A3C27}"
EndProject
Project("{FAE04EC0-301F-11D3-BF4B-00C04F79EFBC}") = "03. Word Count", "03. Word Count\03. Word Count.csproj", "{32C4DE15-22B8-4D20-A87B-B563D887FE47}"
EndProject
Project("{FAE04EC0-301F-11D3-BF4B-00C04F79EFBC}") = "04. Merge Text Files", "04. Merge Text Files\04. Merge Text Files.csproj", "{1C6CD2C9-649D-4735-900B-C0101180CE93}"
EndProject
Project("{FAE04EC0-301F-11D3-BF4B-00C04F79EFBC}") = "05. Extract Special Bytes", "05. Extract Special Bytes\05. Extract Special Bytes.csproj", "{711CDD55-057C-4077-90D3-7F12D2D1FBA8}"
EndProject
Global
	GlobalSection(SolutionConfigurationPlatforms) = preSolution
		Debug|Any CPU = Debug|Any CPU
		Release|Any CPU = Release|Any CPU
	EndGlobalSection
	GlobalSection(ProjectConfigurationPlatforms) = postSolution
		{788E7CB3-67A0-4459-A893-BEB231D5FA76}.Debug|Any CPU.ActiveCfg = Debug|Any CPU
		{788E7CB3-67A0-4459-A893-BEB231D5FA76}.Debug|Any CPU.Build.0 = Debug|Any CPU
		{788E7CB3-67A0-4459-A893-BEB231D5FA76}.Release|Any CPU.ActiveCfg = Release|Any CPU
		{788E7CB3-67A0-4459-A893-BEB231D5FA76}.Release|Any CPU.Build.0 = Release|Any CPU
		{E0C6DE43-5181-45FF-BB00-D9F2BE2A3C27}.Debug|Any CPU.ActiveCfg = Debug|Any CPU
		{E0C6DE43-5181-45FF-BB00-D9F2BE2A3C27}.Debug|Any CPU.Build.0 = Debug|Any CPU
		{E0C6DE43-5181-45FF-BB00-D9F2BE2A3C27}.Release|Any CPU.ActiveCfg = Release|Any CPU
		{E0C6DE43-5181-45FF-BB00-D9F2BE2A3C27}.Release|Any CPU.Build.0 = Release|Any CPU
		{32C4DE15-22B8-4D20-A87B-B563D887FE47}.Debug|Any CPU.ActiveCfg = Debug|Any CPU
		{32C4DE15-22B8-4D20-A87B-B563D887FE47}.Debug|Any CPU.Build.0 = Debug|Any CPU
		{32C4DE15-22B8-4D20-A87B-B563D887FE47}.Release|Any CPU.ActiveCfg = Release|Any CPU
		{32C4DE15-22B8-4D20-A87B-B563D887FE47}.Release|Any CPU.Build.0 = Release|Any CPU
		{1C6CD2C9-649D-4735-900B-C0101180CE93}.Debug|Any CPU.ActiveCfg = Debug|Any CPU
		{1C6CD2C9-649D-4735-900B-C0101180CE93}.Debug|Any CPU.Build.0 = Debug|Any CPU
		{1C6CD2C9-649D-4735-900B-C0101180CE93}.Release|Any CPU.ActiveCfg = Release|Any CPU
		{1C6CD2C9-649D-4735-900B-C0101180CE93}.Release|Any CPU.Build.0 = Release|Any CPU
		{711CDD55-057C-4077-90D3-7F12D2D1FBA8}.Debug|Any CPU.ActiveCfg = Debug|Any CPU
		{711CDD55-057C-4077-90D3-7F12D2D1FBA8}.Debug|Any CPU.Build.0 = Debug|Any CPU
		{711CDD55-057C-4077-90D3-7F12D2D1FBA8}.Release|Any CPU.ActiveCfg = Release|Any CPU
		{711CDD55-057C-4077-90D3-7F12D2D1FBA8}.Release|Any CPU.Build.0 = Release|Any CPU
	EndGlobalSection
	GlobalSection(SolutionProperties) = preSolution
		HideSolutionNode = FALSE
	EndGlobalSection
	GlobalSection(ExtensibilityGlobals) = postSolution
		SolutionGuid = {DA37D133-5FC5-4CC6-A181-4D445F43FAA4}
	EndGlobalSection
EndGlobal
