
Microsoft Visual Studio Solution File, Format Version 12.00
# Visual Studio Version 17
VisualStudioVersion = 17.2.32516.85
MinimumVisualStudioVersion = 10.0.40219.1
Project("{FAE04EC0-301F-11D3-BF4B-00C04F79EFBC}") = "01. Scheduling", "01. Scheduling\01. Scheduling.csproj", "{DF76A664-0CF6-42D3-94F3-33B8CDFA72C5}"
EndProject
Project("{FAE04EC0-301F-11D3-BF4B-00C04F79EFBC}") = "02. Garden", "02. Garden\02. Garden.csproj", "{F4643CFC-678F-4825-A715-01FE5B3E80B4}"
EndProject
Project("{FAE04EC0-301F-11D3-BF4B-00C04F79EFBC}") = "03. Classroom", "03. Classroom\03. Classroom.csproj", "{C432115E-52C4-42A4-BAFC-D821F6C704F0}"
EndProject
Global
	GlobalSection(SolutionConfigurationPlatforms) = preSolution
		Debug|Any CPU = Debug|Any CPU
		Release|Any CPU = Release|Any CPU
	EndGlobalSection
	GlobalSection(ProjectConfigurationPlatforms) = postSolution
		{DF76A664-0CF6-42D3-94F3-33B8CDFA72C5}.Debug|Any CPU.ActiveCfg = Debug|Any CPU
		{DF76A664-0CF6-42D3-94F3-33B8CDFA72C5}.Debug|Any CPU.Build.0 = Debug|Any CPU
		{DF76A664-0CF6-42D3-94F3-33B8CDFA72C5}.Release|Any CPU.ActiveCfg = Release|Any CPU
		{DF76A664-0CF6-42D3-94F3-33B8CDFA72C5}.Release|Any CPU.Build.0 = Release|Any CPU
		{F4643CFC-678F-4825-A715-01FE5B3E80B4}.Debug|Any CPU.ActiveCfg = Debug|Any CPU
		{F4643CFC-678F-4825-A715-01FE5B3E80B4}.Debug|Any CPU.Build.0 = Debug|Any CPU
		{F4643CFC-678F-4825-A715-01FE5B3E80B4}.Release|Any CPU.ActiveCfg = Release|Any CPU
		{F4643CFC-678F-4825-A715-01FE5B3E80B4}.Release|Any CPU.Build.0 = Release|Any CPU
		{C432115E-52C4-42A4-BAFC-D821F6C704F0}.Debug|Any CPU.ActiveCfg = Debug|Any CPU
		{C432115E-52C4-42A4-BAFC-D821F6C704F0}.Debug|Any CPU.Build.0 = Debug|Any CPU
		{C432115E-52C4-42A4-BAFC-D821F6C704F0}.Release|Any CPU.ActiveCfg = Release|Any CPU
		{C432115E-52C4-42A4-BAFC-D821F6C704F0}.Release|Any CPU.Build.0 = Release|Any CPU
	EndGlobalSection
	GlobalSection(SolutionProperties) = preSolution
		HideSolutionNode = FALSE
	EndGlobalSection
	GlobalSection(ExtensibilityGlobals) = postSolution
		SolutionGuid = {F73BD9E5-AE67-4C9E-A340-12A9A9CF96E6}
	EndGlobalSection
EndGlobal
