
Microsoft Visual Studio Solution File, Format Version 12.00
# Visual Studio Version 17
VisualStudioVersion = 17.2.32516.85
MinimumVisualStudioVersion = 10.0.40219.1
Project("{FAE04EC0-301F-11D3-BF4B-00C04F79EFBC}") = "01. Lootbox", "01. Lootbox\01. Lootbox.csproj", "{9065478E-8F0C-41F8-B01E-C7AEF5607B69}"
EndProject
Project("{FAE04EC0-301F-11D3-BF4B-00C04F79EFBC}") = "02. Re-Volt", "02. Re-Volt\02. Re-Volt.csproj", "{C4DF94B0-E59A-4B16-ABB5-1A6939AAA72A}"
EndProject
Project("{FAE04EC0-301F-11D3-BF4B-00C04F79EFBC}") = "03. Guild", "03. Guild\03. Guild.csproj", "{703D091D-DF54-45FC-9198-4D04E7BD7F48}"
EndProject
Global
	GlobalSection(SolutionConfigurationPlatforms) = preSolution
		Debug|Any CPU = Debug|Any CPU
		Release|Any CPU = Release|Any CPU
	EndGlobalSection
	GlobalSection(ProjectConfigurationPlatforms) = postSolution
		{9065478E-8F0C-41F8-B01E-C7AEF5607B69}.Debug|Any CPU.ActiveCfg = Debug|Any CPU
		{9065478E-8F0C-41F8-B01E-C7AEF5607B69}.Debug|Any CPU.Build.0 = Debug|Any CPU
		{9065478E-8F0C-41F8-B01E-C7AEF5607B69}.Release|Any CPU.ActiveCfg = Release|Any CPU
		{9065478E-8F0C-41F8-B01E-C7AEF5607B69}.Release|Any CPU.Build.0 = Release|Any CPU
		{C4DF94B0-E59A-4B16-ABB5-1A6939AAA72A}.Debug|Any CPU.ActiveCfg = Debug|Any CPU
		{C4DF94B0-E59A-4B16-ABB5-1A6939AAA72A}.Debug|Any CPU.Build.0 = Debug|Any CPU
		{C4DF94B0-E59A-4B16-ABB5-1A6939AAA72A}.Release|Any CPU.ActiveCfg = Release|Any CPU
		{C4DF94B0-E59A-4B16-ABB5-1A6939AAA72A}.Release|Any CPU.Build.0 = Release|Any CPU
		{703D091D-DF54-45FC-9198-4D04E7BD7F48}.Debug|Any CPU.ActiveCfg = Debug|Any CPU
		{703D091D-DF54-45FC-9198-4D04E7BD7F48}.Debug|Any CPU.Build.0 = Debug|Any CPU
		{703D091D-DF54-45FC-9198-4D04E7BD7F48}.Release|Any CPU.ActiveCfg = Release|Any CPU
		{703D091D-DF54-45FC-9198-4D04E7BD7F48}.Release|Any CPU.Build.0 = Release|Any CPU
	EndGlobalSection
	GlobalSection(SolutionProperties) = preSolution
		HideSolutionNode = FALSE
	EndGlobalSection
	GlobalSection(ExtensibilityGlobals) = postSolution
		SolutionGuid = {90FAEC4D-56B4-44CB-8F49-758A44C31273}
	EndGlobalSection
EndGlobal
